
Microsoft Visual Studio Solution File, Format Version 12.00
# Visual Studio Version 17
VisualStudioVersion = 17.10.35122.118
MinimumVisualStudioVersion = 10.0.40219.1
Project("{FAE04EC0-301F-11D3-BF4B-00C04F79EFBC}") = "AppNotificaciones", "AppNotificaciones\AppNotificaciones.csproj", "{66D8E1EE-DBD4-4766-BEED-A755C0C87F14}"
EndProject
Global
	GlobalSection(SolutionConfigurationPlatforms) = preSolution
		Debug|Any CPU = Debug|Any CPU
		Release|Any CPU = Release|Any CPU
	EndGlobalSection
	GlobalSection(ProjectConfigurationPlatforms) = postSolution
		{66D8E1EE-DBD4-4766-BEED-A755C0C87F14}.Debug|Any CPU.ActiveCfg = Debug|Any CPU
		{66D8E1EE-DBD4-4766-BEED-A755C0C87F14}.Debug|Any CPU.Build.0 = Debug|Any CPU
		{66D8E1EE-DBD4-4766-BEED-A755C0C87F14}.Release|Any CPU.ActiveCfg = Release|Any CPU
		{66D8E1EE-DBD4-4766-BEED-A755C0C87F14}.Release|Any CPU.Build.0 = Release|Any CPU
	EndGlobalSection
	GlobalSection(SolutionProperties) = preSolution
		HideSolutionNode = FALSE
	EndGlobalSection
	GlobalSection(ExtensibilityGlobals) = postSolution
		SolutionGuid = {11316712-0166-4389-A1A2-6DD3946792B2}
	EndGlobalSection
EndGlobal
